{
    "_meta": {
        "hash": {
            "sha256": "7ee8218ff067b124fc6ec5eb59a9efafb0289f153340778c23b64bebacf81a0b"
        },
        "pipfile-spec": 6,
        "requires": {
            "python_version": "3.9"
        },
        "sources": [
            {
                "name": "pypi",
                "url": "https://pypi.org/simple",
                "verify_ssl": true
            }
        ]
    },
    "default": {
        "altgraph": {
            "hashes": [
                "sha256:1b5afbb98f6c4dcadb2e2ae6ab9fa994bbb8c1d75f4fa96d340f9437ae454406",
                "sha256:642743b4750de17e655e6711601b077bc6598dbfa3ba5fa2b2a35ce12b508dff"
            ],
            "version": "==0.17.4"
        },
        "packaging": {
            "hashes": [
                "sha256:026ed72c8ed3fcce5bf8950572258698927fd1dbda10a5e981cdf0ac37f4f002",
                "sha256:5b8f2217dbdbd2f7f384c41c628544e6d52f2d0f53c6d0c3ea61aa5d1d7ff124"
            ],
            "markers": "python_version >= '3.8'",
            "version": "==24.1"
        },
        "pyinstaller": {
            "hashes": [
                "sha256:143840f8056ff7b910bf8f16f6cd92cc10a6c2680bb76d0a25d558d543d21270",
                "sha256:28eca3817f176fdc19747e1afcf434f13bb9f17a644f611be2c5a61b1f498ed7",
                "sha256:308e0a8670c9c9ac0cebbf1bbb492e71b6675606f2ec78bc4adfc830d209e087",
                "sha256:3398a98fa17d47ccb31f8779ecbdacec025f7adb2f22757a54b706ac8b4fe906",
                "sha256:46d75359668993ddd98630a3669dc5249f3c446e35239b43bc7f4155bc574748",
                "sha256:6cf876d7d93b8b4f28d1ad57fa24645cf43119c79e985dd5e5f7a801245e6f53",
                "sha256:703e041718987e46ba0568a2c71ecf2459fddef57cf9edf3efeed4a53e3dae3f",
                "sha256:95b55966e563e8b8f31a43882aea10169e9a11fdf38e626d86a2907b640c0701",
                "sha256:b7c90c91921b3749083115b28f30f40abf2bb481ceff196d2b2ce0eaa2b3d429",
                "sha256:d60fb22859e11483af735aec115fdde09467cdbb29edd9844839f2c920b748c0",
                "sha256:db05e3f2f10f9f78c56f1fb163d9cb453433429fe4281218ebaf1ebfd39ba942",
                "sha256:e9989f354ae4ed8a3bec7bdb37ae0d170751d6520e500f049c7cd0632d31d5c3"
            ],
            "index": "pypi",
            "markers": "python_version < '3.14' and python_version >= '3.8'",
            "version": "==6.10.0"
        },
        "pyinstaller-hooks-contrib": {
            "hashes": [
                "sha256:0057fe9a5c398d3f580e73e58793a1d4a8315ca91c3df01efea1c14ed557825a",
                "sha256:29b68d878ab739e967055b56a93eb9b58e529d5b054fbab7a2f2bacf80cef3e2"
            ],
            "markers": "python_version >= '3.8'",
            "version": "==2024.8"
        },
        "setuptools": {
            "hashes": [
                "sha256:2353af060c06388be1cecbf5953dcdb1f38362f87a2356c480b6b4d5fcfc8847",
                "sha256:fc91b5f89e392ef5b77fe143b17e32f65d3024744fba66dc3afe07201684d766"
            ],
            "markers": "python_version >= '3.8'",
            "version": "==74.1.1"
        },
        "typing-extensions": {
            "hashes": [
                "sha256:04e5ca0351e0f3f85c6853954072df659d0d13fac324d0072316b67d7794700d",
                "sha256:1a7ead55c7e559dd4dee8856e3a88b41225abfe1ce8df57b7c13915fe121ffb8"
            ],
            "markers": "python_version >= '3.8'",
            "version": "==4.12.2"
        },
        "urwid": {
            "hashes": [
                "sha256:71b3171cabaa0092902f556768756bd2f2ebb24c0da287ee08f081d235340cb7",
                "sha256:9ecc57330d88c8d9663ffd7092a681674c03ff794b6330ccfef479af7aa9671b"
            ],
            "index": "pypi",
            "markers": "python_version >= '3.8'",
            "version": "==2.6.15"
        },
        "wcwidth": {
            "hashes": [
                "sha256:3da69048e4540d84af32131829ff948f1e022c1c6bdb8d6102117aac784f6859",
                "sha256:72ea0c06399eb286d978fdedb6923a9eb47e1c486ce63e9b4e64fc18303972b5"
            ],
            "version": "==0.2.13"
        }
    },
    "develop": {}
}
